
Microsoft Visual Studio Solution File, Format Version 12.00
# Visual Studio Version 16
VisualStudioVersion = 16.0.29418.71
MinimumVisualStudioVersion = 10.0.40219.1
Project("{FAE04EC0-301F-11D3-BF4B-00C04F79EFBC}") = "WareHouse_Control", "WareHouse_Control.csproj", "{D6FB331A-6951-45E1-A15A-9FBDFFEC11A9}"
EndProject
Global
	GlobalSection(SolutionConfigurationPlatforms) = preSolution
		Debug|Any CPU = Debug|Any CPU
		Release|Any CPU = Release|Any CPU
	EndGlobalSection
	GlobalSection(ProjectConfigurationPlatforms) = postSolution
		{D6FB331A-6951-45E1-A15A-9FBDFFEC11A9}.Debug|Any CPU.ActiveCfg = Debug|Any CPU
		{D6FB331A-6951-45E1-A15A-9FBDFFEC11A9}.Debug|Any CPU.Build.0 = Debug|Any CPU
		{D6FB331A-6951-45E1-A15A-9FBDFFEC11A9}.Release|Any CPU.ActiveCfg = Release|Any CPU
		{D6FB331A-6951-45E1-A15A-9FBDFFEC11A9}.Release|Any CPU.Build.0 = Release|Any CPU
	EndGlobalSection
	GlobalSection(SolutionProperties) = preSolution
		HideSolutionNode = FALSE
	EndGlobalSection
	GlobalSection(ExtensibilityGlobals) = postSolution
		SolutionGuid = {00DE1FAC-3B61-428F-9D95-7006BC9B1028}
	EndGlobalSection
EndGlobal
